{
  "version": 4,
  "terraform_version": "0.12.8",
  "serial": 90,
  "lineage": "65ed7cd5-f9ed-568c-12ca-98150fec92a9",
  "outputs": {
    "ip": {
      "value": [
        "35.180.8.188"
      ],
      "type": [
        "tuple",
        [
          "string"
        ]
      ]
    }
  },
  "resources": [
    {
      "mode": "managed",
      "type": "aws_instance",
      "name": "test",
      "each": "list",
      "provider": "provider.aws.Paris",
      "instances": [
        {
          "index_key": 0,
          "status": "tainted",
          "schema_version": 1,
          "attributes": {
            "ami": "ami-0ad37dbbe571ce2a1",
            "arn": "arn:aws:ec2:eu-west-3:847761985647:instance/i-007f0fd7f43197388",
            "associate_public_ip_address": true,
            "availability_zone": "eu-west-3c",
            "cpu_core_count": 1,
            "cpu_threads_per_core": 1,
            "credit_specification": [
              {
                "cpu_credits": "standard"
              }
            ],
            "disable_api_termination": false,
            "ebs_block_device": [],
            "ebs_optimized": false,
            "ephemeral_block_device": [],
            "get_password_data": false,
            "host_id": null,
            "iam_instance_profile": "",
            "id": "i-007f0fd7f43197388",
            "instance_initiated_shutdown_behavior": null,
            "instance_state": "running",
            "instance_type": "t2.micro",
            "ipv6_address_count": 0,
            "ipv6_addresses": [],
            "key_name": "terraform",
            "monitoring": false,
            "network_interface": [],
            "network_interface_id": null,
            "password_data": "",
            "placement_group": "",
            "primary_network_interface_id": "eni-024af20ae00d648f2",
            "private_dns": "ip-172-31-38-40.eu-west-3.compute.internal",
            "private_ip": "172.31.38.40",
            "public_dns": "ec2-35-180-164-52.eu-west-3.compute.amazonaws.com",
            "public_ip": "35.180.164.52",
            "root_block_device": [
              {
                "delete_on_termination": true,
                "encrypted": false,
                "iops": 100,
                "kms_key_id": "",
                "volume_id": "vol-0470c46b94df873aa",
                "volume_size": 8,
                "volume_type": "gp2"
              }
            ],
            "security_groups": [
              "frontend"
            ],
            "source_dest_check": true,
            "subnet_id": "subnet-3164de7c",
            "tags": {
              "App": "devops-demo",
              "Maintainer": "Jijo George",
              "Name": "tf-frontend-01",
              "Role": "frontend"
            },
            "tenancy": "default",
            "timeouts": {
              "create": "7m",
              "delete": "1h",
              "update": null
            },
            "user_data": null,
            "user_data_base64": null,
            "volume_tags": {},
            "vpc_security_group_ids": [
              "sg-08dad9fde55069bc9"
            ]
          },
          "private": "eyJlMmJmYjczMC1lY2FhLTExZTYtOGY4OC0zNDM2M2JjN2M0YzAiOnsiY3JlYXRlIjo0MjAwMDAwMDAwMDAsImRlbGV0ZSI6MzYwMDAwMDAwMDAwMCwidXBkYXRlIjo2MDAwMDAwMDAwMDB9LCJzY2hlbWFfdmVyc2lvbiI6IjEifQ==",
          "depends_on": [
            "aws_key_pair.terraform",
            "aws_security_group.frontend"
          ]
        }
      ]
    },
    {
      "mode": "managed",
      "type": "aws_key_pair",
      "name": "terraform",
      "provider": "provider.aws.Paris",
      "instances": [
        {
          "schema_version": 1,
          "attributes": {
            "fingerprint": "4a:9b:e8:4f:3d:11:54:77:e0:cb:d2:4e:91:d6:b9:aa",
            "id": "terraform",
            "key_name": "terraform",
            "key_name_prefix": null,
            "public_key": "ssh-rsa AAAAB3NzaC1yc2EAAAADAQABAAABAQCeGpYRbSfIiBAFE+QnCMEsm99DL5zdTB1DAYdJ5jMILNR9GoS8p/GQVCS4CNomWEtSoj89w79SASgv58cchKtNawZAWcw+ejXMSL/PlAnbIPqSOTEDZaJjDmyI+xrmjDXXGpWjZ30MyKU0VigZL3FzCMVY0SK2ml7INSMdSNwGSC1eJVPrGXeUVe60jUnLwtmEtngFI4v8J24FOXvHEz83FYVLnMaiL9itSD5XWdcCWv+I8has9MJcBzF0MJ59biOJ+SQc23M+HzXAWgXhue/LT+RcYFmPmiAzCuwNK8OkMgHqr4iUz3ZV6lfHlUcyAoQkWvbrhaV2SGd1tzG+OWil terraform@jojus-Vostro-2520"
          },
          "private": "eyJzY2hlbWFfdmVyc2lvbiI6IjEifQ=="
        }
      ]
    },
    {
      "mode": "managed",
      "type": "aws_security_group",
      "name": "frontend",
      "provider": "provider.aws.Paris",
      "instances": [
        {
          "schema_version": 1,
          "attributes": {
            "arn": "arn:aws:ec2:eu-west-3:847761985647:security-group/sg-08dad9fde55069bc9",
            "description": "Security config for frontend app",
            "egress": [
              {
                "cidr_blocks": [
                  "0.0.0.0/0"
                ],
                "description": "Open all outgoing connectivity",
                "from_port": 0,
                "ipv6_cidr_blocks": [],
                "prefix_list_ids": [],
                "protocol": "-1",
                "security_groups": [],
                "self": false,
                "to_port": 0
              }
            ],
            "id": "sg-08dad9fde55069bc9",
            "ingress": [
              {
                "cidr_blocks": [
                  "0.0.0.0/0"
                ],
                "description": "Open SSH port open for All",
                "from_port": 22,
                "ipv6_cidr_blocks": [],
                "prefix_list_ids": [],
                "protocol": "tcp",
                "security_groups": [],
                "self": false,
                "to_port": 22
              },
              {
                "cidr_blocks": [
                  "0.0.0.0/0"
                ],
                "description": "Open SSH port open for All",
                "from_port": 80,
                "ipv6_cidr_blocks": [],
                "prefix_list_ids": [],
                "protocol": "tcp",
                "security_groups": [],
                "self": false,
                "to_port": 80
              }
            ],
            "name": "frontend",
            "name_prefix": null,
            "owner_id": "847761985647",
            "revoke_rules_on_delete": false,
            "tags": {
              "App": "devops-demo",
              "Role": "frontend"
            },
            "timeouts": null,
            "vpc_id": "vpc-9d0330f4"
          },
          "private": "eyJlMmJmYjczMC1lY2FhLTExZTYtOGY4OC0zNDM2M2JjN2M0YzAiOnsiY3JlYXRlIjo2MDAwMDAwMDAwMDAsImRlbGV0ZSI6NjAwMDAwMDAwMDAwfSwic2NoZW1hX3ZlcnNpb24iOiIxIn0="
        }
      ]
    }
  ]
}
